
Microsoft Visual Studio Solution File, Format Version 12.00
# Visual Studio Version 16
VisualStudioVersion = 16.0.32126.315
MinimumVisualStudioVersion = 10.0.40219.1
Project("{FAE04EC0-301F-11D3-BF4B-00C04F79EFBC}") = "Portafolio", "Portafolio\Portafolio.csproj", "{27930CF0-C14E-4CAF-BD44-125D6410BC66}"
EndProject
Global
	GlobalSection(SolutionConfigurationPlatforms) = preSolution
		Debug|Any CPU = Debug|Any CPU
		Release|Any CPU = Release|Any CPU
	EndGlobalSection
	GlobalSection(ProjectConfigurationPlatforms) = postSolution
		{27930CF0-C14E-4CAF-BD44-125D6410BC66}.Debug|Any CPU.ActiveCfg = Debug|Any CPU
		{27930CF0-C14E-4CAF-BD44-125D6410BC66}.Debug|Any CPU.Build.0 = Debug|Any CPU
		{27930CF0-C14E-4CAF-BD44-125D6410BC66}.Release|Any CPU.ActiveCfg = Release|Any CPU
		{27930CF0-C14E-4CAF-BD44-125D6410BC66}.Release|Any CPU.Build.0 = Release|Any CPU
	EndGlobalSection
	GlobalSection(SolutionProperties) = preSolution
		HideSolutionNode = FALSE
	EndGlobalSection
	GlobalSection(ExtensibilityGlobals) = postSolution
		SolutionGuid = {3C2997E5-8BC9-4004-9EF7-CC4672BDCFF5}
	EndGlobalSection
EndGlobal
